Microsoft Visual Studio Solution File, Format Version 12.00
# Visual Studio 2012
Project("{FAE04EC0-301F-11D3-BF4B-00C04F79EFBC}") = "Chickensoft.GodotNodeInterfaces.Tests", "Chickensoft.GodotNodeInterfaces.Tests.csproj", "{180765DD-4DEC-498E-A637-2D6FE2E7F904}"
EndProject
Global
	GlobalSection(SolutionConfigurationPlatforms) = preSolution
	Debug|Any CPU = Debug|Any CPU
	ExportDebug|Any CPU = ExportDebug|Any CPU
	ExportRelease|Any CPU = ExportRelease|Any CPU
	EndGlobalSection
	GlobalSection(ProjectConfigurationPlatforms) = postSolution
		{180765DD-4DEC-498E-A637-2D6FE2E7F904}.Debug|Any CPU.ActiveCfg = Debug|Any CPU
		{180765DD-4DEC-498E-A637-2D6FE2E7F904}.Debug|Any CPU.Build.0 = Debug|Any CPU
		{180765DD-4DEC-498E-A637-2D6FE2E7F904}.ExportDebug|Any CPU.ActiveCfg = ExportDebug|Any CPU
		{180765DD-4DEC-498E-A637-2D6FE2E7F904}.ExportDebug|Any CPU.Build.0 = ExportDebug|Any CPU
		{180765DD-4DEC-498E-A637-2D6FE2E7F904}.ExportRelease|Any CPU.ActiveCfg = ExportRelease|Any CPU
		{180765DD-4DEC-498E-A637-2D6FE2E7F904}.ExportRelease|Any CPU.Build.0 = ExportRelease|Any CPU
	EndGlobalSection
EndGlobal
